// !$*UTF8*$!
{
	archiveVersion = 1;
	classes = {
	};
	objectVersion = 77;
	objects = {

/* Begin PBXBuildFile section */
		5566D5B584D8C5F9E2E0F6A9 /* Pods_DriverApp.framework in Frameworks */ = {isa = PBXBuildFile; fileRef = F2D148D47C5806581486304A /* Pods_DriverApp.framework */; };
		62DD4E2525E9406F7DBD39B8 /* Pods_DriverApp_DriverAppUITests.framework in Frameworks */ = {isa = PBXBuildFile; fileRef = E10F447BCADB5FB2B705D2A9 /* Pods_DriverApp_DriverAppUITests.framework */; };
		B988D4F30D9A5B6162BAE505 /* Pods_DriverAppTests.framework in Frameworks */ = {isa = PBXBuildFile; fileRef = 2C7B4E8574D5890BC3DA9412 /* Pods_DriverAppTests.framework */; };
/* End PBXBuildFile section */

/* Begin PBXContainerItemProxy section */
		11C65C322FD2D92F00C10D0D /* PBXContainerItemProxy */ = {
			isa = PBXContainerItemProxy;
			containerPortal = 11C65C132FD2D92C00C10D0D /* Project object */;
			proxyType = 1;
			remoteGlobalIDString = 11C65C1A2FD2D92C00C10D0D;
			remoteInfo = DriverApp;
		};
		11C65C3C2FD2D92F00C10D0D /* PBXContainerItemProxy */ = {
			isa = PBXContainerItemProxy;
			containerPortal = 11C65C132FD2D92C00C10D0D /* Project object */;
			proxyType = 1;
			remoteGlobalIDString = 11C65C1A2FD2D92C00C10D0D;
			remoteInfo = DriverApp;
		};
/* End PBXContainerItemProxy section */

/* Begin PBXFileReference section */
		11C65C1B2FD2D92C00C10D0D /* DriverApp.app */ = {isa = PBXFileReference; explicitFileType = wrapper.application; includeInIndex = 0; path = DriverApp.app; sourceTree = BUILT_PRODUCTS_DIR; };
		11C65C312FD2D92F00C10D0D /* DriverAppTests.xctest */ = {isa = PBXFileReference; explicitFileType = wrapper.cfbundle; includeInIndex = 0; path = DriverAppTests.xctest; sourceTree = BUILT_PRODUCTS_DIR; };
		11C65C3B2FD2D92F00C10D0D /* DriverAppUITests.xctest */ = {isa = PBXFileReference; explicitFileType = wrapper.cfbundle; includeInIndex = 0; path = DriverAppUITests.xctest; sourceTree = BUILT_PRODUCTS_DIR; };
		24B9A33F67ED91DD968175BE /* Pods-DriverApp-DriverAppUITests.release.xcconfig */ = {isa = PBXFileReference; includeInIndex = 1; lastKnownFileType = text.xcconfig; name = "Pods-DriverApp-DriverAppUITests.release.xcconfig"; path = "Target Support Files/Pods-DriverApp-DriverAppUITests/Pods-DriverApp-DriverAppUITests.release.xcconfig"; sourceTree = "<group>"; };
		28FC6FB00787474376F40AE2 /* Pods-DriverApp-DriverAppUITests.debug.xcconfig */ = {isa = PBXFileReference; includeInIndex = 1; lastKnownFileType = text.xcconfig; name = "Pods-DriverApp-DriverAppUITests.debug.xcconfig"; path = "Target Support Files/Pods-DriverApp-DriverAppUITests/Pods-DriverApp-DriverAppUITests.debug.xcconfig"; sourceTree = "<group>"; };
		2C7B4E8574D5890BC3DA9412 /* Pods_DriverAppTests.framework */ = {isa = PBXFileReference; explicitFileType = wrapper.framework; includeInIndex = 0; path = Pods_DriverAppTests.framework; sourceTree = BUILT_PRODUCTS_DIR; };
		41D78884ED42FB8EF2A9DC62 /* Pods-DriverAppTests.debug.xcconfig */ = {isa = PBXFileReference; includeInIndex = 1; lastKnownFileType = text.xcconfig; name = "Pods-DriverAppTests.debug.xcconfig"; path = "Target Support Files/Pods-DriverAppTests/Pods-DriverAppTests.debug.xcconfig"; sourceTree = "<group>"; };
		47BDFBAE71C6161AEE41AE31 /* Pods-DriverAppTests.release.xcconfig */ = {isa = PBXFileReference; includeInIndex = 1; lastKnownFileType = text.xcconfig; name = "Pods-DriverAppTests.release.xcconfig"; path = "Target Support Files/Pods-DriverAppTests/Pods-DriverAppTests.release.xcconfig"; sourceTree = "<group>"; };
		A1BF100BEC3220211BCC69A9 /* Pods-DriverApp.debug.xcconfig */ = {isa = PBXFileReference; includeInIndex = 1; lastKnownFileType = text.xcconfig; name = "Pods-DriverApp.debug.xcconfig"; path = "Target Support Files/Pods-DriverApp/Pods-DriverApp.debug.xcconfig"; sourceTree = "<group>"; };
		CC2A5827A263638472840B1D /* Pods-DriverApp.release.xcconfig */ = {isa = PBXFileReference; includeInIndex = 1; lastKnownFileType = text.xcconfig; name = "Pods-DriverApp.release.xcconfig"; path = "Target Support Files/Pods-DriverApp/Pods-DriverApp.release.xcconfig"; sourceTree = "<group>"; };
		E10F447BCADB5FB2B705D2A9 /* Pods_DriverApp_DriverAppUITests.framework */ = {isa = PBXFileReference; explicitFileType = wrapper.framework; includeInIndex = 0; path = Pods_DriverApp_DriverAppUITests.framework; sourceTree = BUILT_PRODUCTS_DIR; };
		F2D148D47C5806581486304A /* Pods_DriverApp.framework */ = {isa = PBXFileReference; explicitFileType = wrapper.framework; includeInIndex = 0; path = Pods_DriverApp.framework; sourceTree = BUILT_PRODUCTS_DIR; };
/* End PBXFileReference section */

/* Begin PBXFileSystemSynchronizedBuildFileExceptionSet section */
		11C65C432FD2D92F00C10D0D /* Exceptions for "DriverApp" folder in "DriverApp" target */ = {
			isa = PBXFileSystemSynchronizedBuildFileExceptionSet;
			membershipExceptions = (
				Info.plist,
			);
			target = 11C65C1A2FD2D92C00C10D0D /* DriverApp */;
		};
/* End PBXFileSystemSynchronizedBuildFileExceptionSet section */

/* Begin PBXFileSystemSynchronizedRootGroup section */
		11C65C1D2FD2D92C00C10D0D /* DriverApp */ = {
			isa = PBXFileSystemSynchronizedRootGroup;
			exceptions = (
				11C65C432FD2D92F00C10D0D /* Exceptions for "DriverApp" folder in "DriverApp" target */,
			);
			path = DriverApp;
			sourceTree = "<group>";
		};
		11C65C342FD2D92F00C10D0D /* DriverAppTests */ = {
			isa = PBXFileSystemSynchronizedRootGroup;
			path = DriverAppTests;
			sourceTree = "<group>";
		};
		11C65C3E2FD2D92F00C10D0D /* DriverAppUITests */ = {
			isa = PBXFileSystemSynchronizedRootGroup;
			path = DriverAppUITests;
			sourceTree = "<group>";
		};
/* End PBXFileSystemSynchronizedRootGroup section */

/* Begin PBXFrameworksBuildPhase section */
		11C65C182FD2D92C00C10D0D /* Frameworks */ = {
			isa = PBXFrameworksBuildPhase;
			buildActionMask = 2147483647;
			files = (
				5566D5B584D8C5F9E2E0F6A9 /* Pods_DriverApp.framework in Frameworks */,
			);
			runOnlyForDeploymentPostprocessing = 0;
		};
		11C65C2E2FD2D92F00C10D0D /* Frameworks */ = {
			isa = PBXFrameworksBuildPhase;
			buildActionMask = 2147483647;
			files = (
				B988D4F30D9A5B6162BAE505 /* Pods_DriverAppTests.framework in Frameworks */,
			);
			runOnlyForDeploymentPostprocessing = 0;
		};
		11C65C382FD2D92F00C10D0D /* Frameworks */ = {
			isa = PBXFrameworksBuildPhase;
			buildActionMask = 2147483647;
			files = (
				62DD4E2525E9406F7DBD39B8 /* Pods_DriverApp_DriverAppUITests.framework in Frameworks */,
			);
			runOnlyForDeploymentPostprocessing = 0;
		};
/* End PBXFrameworksBuildPhase section */

/* Begin PBXGroup section */
		11C65C122FD2D92C00C10D0D = {
			isa = PBXGroup;
			children = (
				11C65C1D2FD2D92C00C10D0D /* DriverApp */,
				11C65C342FD2D92F00C10D0D /* DriverAppTests */,
				11C65C3E2FD2D92F00C10D0D /* DriverAppUITests */,
				11C65C1C2FD2D92C00C10D0D /* Products */,
				149B6C849273B8A5DE5E37B4 /* Pods */,
				832DEC5DDEC14F27DB5F8E69 /* Frameworks */,
			);
			sourceTree = "<group>";
		};
		11C65C1C2FD2D92C00C10D0D /* Products */ = {
			isa = PBXGroup;
			children = (
				11C65C1B2FD2D92C00C10D0D /* DriverApp.app */,
				11C65C312FD2D92F00C10D0D /* DriverAppTests.xctest */,
				11C65C3B2FD2D92F00C10D0D /* DriverAppUITests.xctest */,
			);
			name = Products;
			sourceTree = "<group>";
		};
		149B6C849273B8A5DE5E37B4 /* Pods */ = {
			isa = PBXGroup;
			children = (
				A1BF100BEC3220211BCC69A9 /* Pods-DriverApp.debug.xcconfig */,
				CC2A5827A263638472840B1D /* Pods-DriverApp.release.xcconfig */,
				28FC6FB00787474376F40AE2 /* Pods-DriverApp-DriverAppUITests.debug.xcconfig */,
				24B9A33F67ED91DD968175BE /* Pods-DriverApp-DriverAppUITests.release.xcconfig */,
				41D78884ED42FB8EF2A9DC62 /* Pods-DriverAppTests.debug.xcconfig */,
				47BDFBAE71C6161AEE41AE31 /* Pods-DriverAppTests.release.xcconfig */,
			);
			path = Pods;
			sourceTree = "<group>";
		};
		832DEC5DDEC14F27DB5F8E69 /* Frameworks */ = {
			isa = PBXGroup;
			children = (
				F2D148D47C5806581486304A /* Pods_DriverApp.framework */,
				E10F447BCADB5FB2B705D2A9 /* Pods_DriverApp_DriverAppUITests.framework */,
				2C7B4E8574D5890BC3DA9412 /* Pods_DriverAppTests.framework */,
			);
			name = Frameworks;
			sourceTree = "<group>";
		};
/* End PBXGroup section */

/* Begin PBXNativeTarget section */
		11C65C1A2FD2D92C00C10D0D /* DriverApp */ = {
			isa = PBXNativeTarget;
			buildConfigurationList = 11C65C442FD2D92F00C10D0D /* Build configuration list for PBXNativeTarget "DriverApp" */;
			buildPhases = (
				62D6E8802934074529683FF5 /* [CP] Check Pods Manifest.lock */,
				11C65C172FD2D92C00C10D0D /* Sources */,
				11C65C182FD2D92C00C10D0D /* Frameworks */,
				11C65C192FD2D92C00C10D0D /* Resources */,
				B75991624E6FBAE8C5EA7ADC /* [CP] Embed Pods Frameworks */,
				C8756ED9C0B0FD68F9A8D9A5 /* [CP] Copy Pods Resources */,
			);
			buildRules = (
			);
			dependencies = (
			);
			fileSystemSynchronizedGroups = (
				11C65C1D2FD2D92C00C10D0D /* DriverApp */,
			);
			name = DriverApp;
			productName = DriverApp;
			productReference = 11C65C1B2FD2D92C00C10D0D /* DriverApp.app */;
			productType = "com.apple.product-type.application";
		};
		11C65C302FD2D92F00C10D0D /* DriverAppTests */ = {
			isa = PBXNativeTarget;
			buildConfigurationList = 11C65C492FD2D92F00C10D0D /* Build configuration list for PBXNativeTarget "DriverAppTests" */;
			buildPhases = (
				9DC16401B1E3636046A678C8 /* [CP] Check Pods Manifest.lock */,
				11C65C2D2FD2D92F00C10D0D /* Sources */,
				11C65C2E2FD2D92F00C10D0D /* Frameworks */,
				11C65C2F2FD2D92F00C10D0D /* Resources */,
			);
			buildRules = (
			);
			dependencies = (
				11C65C332FD2D92F00C10D0D /* PBXTargetDependency */,
			);
			fileSystemSynchronizedGroups = (
				11C65C342FD2D92F00C10D0D /* DriverAppTests */,
			);
			name = DriverAppTests;
			productName = DriverAppTests;
			productReference = 11C65C312FD2D92F00C10D0D /* DriverAppTests.xctest */;
			productType = "com.apple.product-type.bundle.unit-test";
		};
		11C65C3A2FD2D92F00C10D0D /* DriverAppUITests */ = {
			isa = PBXNativeTarget;
			buildConfigurationList = 11C65C4C2FD2D92F00C10D0D /* Build configuration list for PBXNativeTarget "DriverAppUITests" */;
			buildPhases = (
				CAC3428A361AE114CD5F4B80 /* [CP] Check Pods Manifest.lock */,
				11C65C372FD2D92F00C10D0D /* Sources */,
				11C65C382FD2D92F00C10D0D /* Frameworks */,
				11C65C392FD2D92F00C10D0D /* Resources */,
				23B98AB5EF43215D283CED3B /* [CP] Embed Pods Frameworks */,
				3085F51838B2FECAA0C2BAD4 /* [CP] Copy Pods Resources */,
			);
			buildRules = (
			);
			dependencies = (
				11C65C3D2FD2D92F00C10D0D /* PBXTargetDependency */,
			);
			fileSystemSynchronizedGroups = (
				11C65C3E2FD2D92F00C10D0D /* DriverAppUITests */,
			);
			name = DriverAppUITests;
			productName = DriverAppUITests;
			productReference = 11C65C3B2FD2D92F00C10D0D /* DriverAppUITests.xctest */;
			productType = "com.apple.product-type.bundle.ui-testing";
		};
/* End PBXNativeTarget section */

/* Begin PBXProject section */
		11C65C132FD2D92C00C10D0D /* Project object */ = {
			isa = PBXProject;
			attributes = {
				BuildIndependentTargetsInParallel = 1;
				LastSwiftUpdateCheck = 2650;
				LastUpgradeCheck = 2650;
				TargetAttributes = {
					11C65C1A2FD2D92C00C10D0D = {
						CreatedOnToolsVersion = 26.5;
					};
					11C65C302FD2D92F00C10D0D = {
						CreatedOnToolsVersion = 26.5;
						TestTargetID = 11C65C1A2FD2D92C00C10D0D;
					};
					11C65C3A2FD2D92F00C10D0D = {
						CreatedOnToolsVersion = 26.5;
						TestTargetID = 11C65C1A2FD2D92C00C10D0D;
					};
				};
			};
			buildConfigurationList = 11C65C162FD2D92C00C10D0D /* Build configuration list for PBXProject "DriverApp" */;
			developmentRegion = en;
			hasScannedForEncodings = 0;
			knownRegions = (
				en,
				Base,
			);
			mainGroup = 11C65C122FD2D92C00C10D0D;
			minimizedProjectReferenceProxies = 1;
			preferredProjectObjectVersion = 77;
			productRefGroup = 11C65C1C2FD2D92C00C10D0D /* Products */;
			projectDirPath = "";
			projectRoot = "";
			targets = (
				11C65C1A2FD2D92C00C10D0D /* DriverApp */,
				11C65C302FD2D92F00C10D0D /* DriverAppTests */,
				11C65C3A2FD2D92F00C10D0D /* DriverAppUITests */,
			);
		};
/* End PBXProject section */

/* Begin PBXResourcesBuildPhase section */
		11C65C192FD2D92C00C10D0D /* Resources */ = {
			isa = PBXResourcesBuildPhase;
			buildActionMask = 2147483647;
			files = (
			);
			runOnlyForDeploymentPostprocessing = 0;
		};
		11C65C2F2FD2D92F00C10D0D /* Resources */ = {
			isa = PBXResourcesBuildPhase;
			buildActionMask = 2147483647;
			files = (
			);
			runOnlyForDeploymentPostprocessing = 0;
		};
		11C65C392FD2D92F00C10D0D /* Resources */ = {
			isa = PBXResourcesBuildPhase;
			buildActionMask = 2147483647;
			files = (
			);
			runOnlyForDeploymentPostprocessing = 0;
		};
/* End PBXResourcesBuildPhase section */

/* Begin PBXShellScriptBuildPhase section */
		23B98AB5EF43215D283CED3B /* [CP] Embed Pods Frameworks */ = {
			isa = PBXShellScriptBuildPhase;
			buildActionMask = 2147483647;
			files = (
			);
			inputFileListPaths = (
				"${PODS_ROOT}/Target Support Files/Pods-DriverApp-DriverAppUITests/Pods-DriverApp-DriverAppUITests-frameworks-${CONFIGURATION}-input-files.xcfilelist",
			);
			inputPaths = (
			);
			name = "[CP] Embed Pods Frameworks";
			outputFileListPaths = (
				"${PODS_ROOT}/Target Support Files/Pods-DriverApp-DriverAppUITests/Pods-DriverApp-DriverAppUITests-frameworks-${CONFIGURATION}-output-files.xcfilelist",
			);
			outputPaths = (
			);
			runOnlyForDeploymentPostprocessing = 0;
			shellPath = /bin/sh;
			shellScript = "\"${PODS_ROOT}/Target Support Files/Pods-DriverApp-DriverAppUITests/Pods-DriverApp-DriverAppUITests-frameworks.sh\"\n";
			showEnvVarsInLog = 0;
		};
		3085F51838B2FECAA0C2BAD4 /* [CP] Copy Pods Resources */ = {
			isa = PBXShellScriptBuildPhase;
			buildActionMask = 2147483647;
			files = (
			);
			inputFileListPaths = (
				"${PODS_ROOT}/Target Support Files/Pods-DriverApp-DriverAppUITests/Pods-DriverApp-DriverAppUITests-resources-${CONFIGURATION}-input-files.xcfilelist",
			);
			inputPaths = (
			);
			name = "[CP] Copy Pods Resources";
			outputFileListPaths = (
				"${PODS_ROOT}/Target Support Files/Pods-DriverApp-DriverAppUITests/Pods-DriverApp-DriverAppUITests-resources-${CONFIGURATION}-output-files.xcfilelist",
			);
			outputPaths = (
			);
			runOnlyForDeploymentPostprocessing = 0;
			shellPath = /bin/sh;
			shellScript = "\"${PODS_ROOT}/Target Support Files/Pods-DriverApp-DriverAppUITests/Pods-DriverApp-DriverAppUITests-resources.sh\"\n";
			showEnvVarsInLog = 0;
		};
		62D6E8802934074529683FF5 /* [CP] Check Pods Manifest.lock */ = {
			isa = PBXShellScriptBuildPhase;
			buildActionMask = 2147483647;
			files = (
			);
			inputFileListPaths = (
			);
			inputPaths = (
				"${PODS_PODFILE_DIR_PATH}/Podfile.lock",
				"${PODS_ROOT}/Manifest.lock",
			);
			name = "[CP] Check Pods Manifest.lock";
			outputFileListPaths = (
			);
			outputPaths = (
				"$(DERIVED_FILE_DIR)/Pods-DriverApp-checkManifestLockResult.txt",
			);
			runOnlyForDeploymentPostprocessing = 0;
			shellPath = /bin/sh;
			shellScript = "diff \"${PODS_PODFILE_DIR_PATH}/Podfile.lock\" \"${PODS_ROOT}/Manifest.lock\" > /dev/null\nif [ $? != 0 ] ; then\n    # print error to STDERR\n    echo \"error: The sandbox is not in sync with the Podfile.lock. Run 'pod install' or update your CocoaPods installation.\" >&2\n    exit 1\nfi\n# This output is used by Xcode 'outputs' to avoid re-running this script phase.\necho \"SUCCESS\" > \"${SCRIPT_OUTPUT_FILE_0}\"\n";
			showEnvVarsInLog = 0;
		};
		9DC16401B1E3636046A678C8 /* [CP] Check Pods Manifest.lock */ = {
			isa = PBXShellScriptBuildPhase;
			buildActionMask = 2147483647;
			files = (
			);
			inputFileListPaths = (
			);
			inputPaths = (
				"${PODS_PODFILE_DIR_PATH}/Podfile.lock",
				"${PODS_ROOT}/Manifest.lock",
			);
			name = "[CP] Check Pods Manifest.lock";
			outputFileListPaths = (
			);
			outputPaths = (
				"$(DERIVED_FILE_DIR)/Pods-DriverAppTests-checkManifestLockResult.txt",
			);
			runOnlyForDeploymentPostprocessing = 0;
			shellPath = /bin/sh;
			shellScript = "diff \"${PODS_PODFILE_DIR_PATH}/Podfile.lock\" \"${PODS_ROOT}/Manifest.lock\" > /dev/null\nif [ $? != 0 ] ; then\n    # print error to STDERR\n    echo \"error: The sandbox is not in sync with the Podfile.lock. Run 'pod install' or update your CocoaPods installation.\" >&2\n    exit 1\nfi\n# This output is used by Xcode 'outputs' to avoid re-running this script phase.\necho \"SUCCESS\" > \"${SCRIPT_OUTPUT_FILE_0}\"\n";
			showEnvVarsInLog = 0;
		};
		B75991624E6FBAE8C5EA7ADC /* [CP] Embed Pods Frameworks */ = {
			isa = PBXShellScriptBuildPhase;
			buildActionMask = 2147483647;
			files = (
			);
			inputFileListPaths = (
				"${PODS_ROOT}/Target Support Files/Pods-DriverApp/Pods-DriverApp-frameworks-${CONFIGURATION}-input-files.xcfilelist",
			);
			inputPaths = (
			);
			name = "[CP] Embed Pods Frameworks";
			outputFileListPaths = (
				"${PODS_ROOT}/Target Support Files/Pods-DriverApp/Pods-DriverApp-frameworks-${CONFIGURATION}-output-files.xcfilelist",
			);
			outputPaths = (
			);
			runOnlyForDeploymentPostprocessing = 0;
			shellPath = /bin/sh;
			shellScript = "\"${PODS_ROOT}/Target Support Files/Pods-DriverApp/Pods-DriverApp-frameworks.sh\"\n";
			showEnvVarsInLog = 0;
		};
		C8756ED9C0B0FD68F9A8D9A5 /* [CP] Copy Pods Resources */ = {
			isa = PBXShellScriptBuildPhase;
			buildActionMask = 2147483647;
			files = (
			);
			inputFileListPaths = (
				"${PODS_ROOT}/Target Support Files/Pods-DriverApp/Pods-DriverApp-resources-${CONFIGURATION}-input-files.xcfilelist",
			);
			inputPaths = (
			);
			name = "[CP] Copy Pods Resources";
			outputFileListPaths = (
				"${PODS_ROOT}/Target Support Files/Pods-DriverApp/Pods-DriverApp-resources-${CONFIGURATION}-output-files.xcfilelist",
			);
			outputPaths = (
			);
			runOnlyForDeploymentPostprocessing = 0;
			shellPath = /bin/sh;
			shellScript = "\"${PODS_ROOT}/Target Support Files/Pods-DriverApp/Pods-DriverApp-resources.sh\"\n";
			showEnvVarsInLog = 0;
		};
		CAC3428A361AE114CD5F4B80 /* [CP] Check Pods Manifest.lock */ = {
			isa = PBXShellScriptBuildPhase;
			buildActionMask = 2147483647;
			files = (
			);
			inputFileListPaths = (
			);
			inputPaths = (
				"${PODS_PODFILE_DIR_PATH}/Podfile.lock",
				"${PODS_ROOT}/Manifest.lock",
			);
			name = "[CP] Check Pods Manifest.lock";
			outputFileListPaths = (
			);
			outputPaths = (
				"$(DERIVED_FILE_DIR)/Pods-DriverApp-DriverAppUITests-checkManifestLockResult.txt",
			);
			runOnlyForDeploymentPostprocessing = 0;
			shellPath = /bin/sh;
			shellScript = "diff \"${PODS_PODFILE_DIR_PATH}/Podfile.lock\" \"${PODS_ROOT}/Manifest.lock\" > /dev/null\nif [ $? != 0 ] ; then\n    # print error to STDERR\n    echo \"error: The sandbox is not in sync with the Podfile.lock. Run 'pod install' or update your CocoaPods installation.\" >&2\n    exit 1\nfi\n# This output is used by Xcode 'outputs' to avoid re-running this script phase.\necho \"SUCCESS\" > \"${SCRIPT_OUTPUT_FILE_0}\"\n";
			showEnvVarsInLog = 0;
		};
/* End PBXShellScriptBuildPhase section */

/* Begin PBXSourcesBuildPhase section */
		11C65C172FD2D92C00C10D0D /* Sources */ = {
			isa = PBXSourcesBuildPhase;
			buildActionMask = 2147483647;
			files = (
			);
			runOnlyForDeploymentPostprocessing = 0;
		};
		11C65C2D2FD2D92F00C10D0D /* Sources */ = {
			isa = PBXSourcesBuildPhase;
			buildActionMask = 2147483647;
			files = (
			);
			runOnlyForDeploymentPostprocessing = 0;
		};
		11C65C372FD2D92F00C10D0D /* Sources */ = {
			isa = PBXSourcesBuildPhase;
			buildActionMask = 2147483647;
			files = (
			);
			runOnlyForDeploymentPostprocessing = 0;
		};
/* End PBXSourcesBuildPhase section */

/* Begin PBXTargetDependency section */
		11C65C332FD2D92F00C10D0D /* PBXTargetDependency */ = {
			isa = PBXTargetDependency;
			target = 11C65C1A2FD2D92C00C10D0D /* DriverApp */;
			targetProxy = 11C65C322FD2D92F00C10D0D /* PBXContainerItemProxy */;
		};
		11C65C3D2FD2D92F00C10D0D /* PBXTargetDependency */ = {
			isa = PBXTargetDependency;
			target = 11C65C1A2FD2D92C00C10D0D /* DriverApp */;
			targetProxy = 11C65C3C2FD2D92F00C10D0D /* PBXContainerItemProxy */;
		};
/* End PBXTargetDependency section */

/* Begin XCBuildConfiguration section */
		11C65C452FD2D92F00C10D0D /* Debug */ = {
			isa = XCBuildConfiguration;
			baseConfigurationReference = A1BF100BEC3220211BCC69A9 /* Pods-DriverApp.debug.xcconfig */;
			buildSettings = {
				ASSETCATALOG_COMPILER_APPICON_NAME = AppIcon;
				ASSETCATALOG_COMPILER_GLOBAL_ACCENT_COLOR_NAME = AccentColor;
				CODE_SIGN_STYLE = Automatic;
				CURRENT_PROJECT_VERSION = 1;
				DEVELOPMENT_TEAM = 42J6CY5276;
				GENERATE_INFOPLIST_FILE = YES;
				INFOPLIST_FILE = DriverApp/Info.plist;
				INFOPLIST_KEY_UIApplicationSupportsIndirectInputEvents = YES;
				INFOPLIST_KEY_UILaunchStoryboardName = LaunchScreen;
				INFOPLIST_KEY_UIMainStoryboardFile = Main;
				INFOPLIST_KEY_UISupportedInterfaceOrientations_iPad = "UIInterfaceOrientationPortrait UIInterfaceOrientationPortraitUpsideDown UIInterfaceOrientationLandscapeLeft UIInterfaceOrientationLandscapeRight";
				INFOPLIST_KEY_UISupportedInterfaceOrientations_iPhone = "UIInterfaceOrientationPortrait UIInterfaceOrientationLandscapeLeft UIInterfaceOrientationLandscapeRight";
				IPHONEOS_DEPLOYMENT_TARGET = 18.6;
				LD_RUNPATH_SEARCH_PATHS = (
					"$(inherited)",
					"@executable_path/Frameworks",
				);
				MARKETING_VERSION = 1.0;
				PRODUCT_BUNDLE_IDENTIFIER = com.razorpay.demo.DriverApp;
				PRODUCT_NAME = "$(TARGET_NAME)";
				STRING_CATALOG_GENERATE_SYMBOLS = YES;
				SWIFT_APPROACHABLE_CONCURRENCY = YES;
				SWIFT_DEFAULT_ACTOR_ISOLATION = MainActor;
				SWIFT_EMIT_LOC_STRINGS = YES;
				SWIFT_UPCOMING_FEATURE_MEMBER_IMPORT_VISIBILITY = YES;
				SWIFT_VERSION = 5.0;
				TARGETED_DEVICE_FAMILY = "1,2";
			};
			name = Debug;
		};
		11C65C462FD2D92F00C10D0D /* Release */ = {
			isa = XCBuildConfiguration;
			baseConfigurationReference = CC2A5827A263638472840B1D /* Pods-DriverApp.release.xcconfig */;
			buildSettings = {
				ASSETCATALOG_COMPILER_APPICON_NAME = AppIcon;
				ASSETCATALOG_COMPILER_GLOBAL_ACCENT_COLOR_NAME = AccentColor;
				CODE_SIGN_STYLE = Automatic;
				CURRENT_PROJECT_VERSION = 1;
				DEVELOPMENT_TEAM = 42J6CY5276;
				GENERATE_INFOPLIST_FILE = YES;
				INFOPLIST_FILE = DriverApp/Info.plist;
				INFOPLIST_KEY_UIApplicationSupportsIndirectInputEvents = YES;
				INFOPLIST_KEY_UILaunchStoryboardName = LaunchScreen;
				INFOPLIST_KEY_UIMainStoryboardFile = Main;
				INFOPLIST_KEY_UISupportedInterfaceOrientations_iPad = "UIInterfaceOrientationPortrait UIInterfaceOrientationPortraitUpsideDown UIInterfaceOrientationLandscapeLeft UIInterfaceOrientationLandscapeRight";
				INFOPLIST_KEY_UISupportedInterfaceOrientations_iPhone = "UIInterfaceOrientationPortrait UIInterfaceOrientationLandscapeLeft UIInterfaceOrientationLandscapeRight";
				IPHONEOS_DEPLOYMENT_TARGET = 18.6;
				LD_RUNPATH_SEARCH_PATHS = (
					"$(inherited)",
					"@executable_path/Frameworks",
				);
				MARKETING_VERSION = 1.0;
				PRODUCT_BUNDLE_IDENTIFIER = com.razorpay.demo.DriverApp;
				PRODUCT_NAME = "$(TARGET_NAME)";
				STRING_CATALOG_GENERATE_SYMBOLS = YES;
				SWIFT_APPROACHABLE_CONCURRENCY = YES;
				SWIFT_DEFAULT_ACTOR_ISOLATION = MainActor;
				SWIFT_EMIT_LOC_STRINGS = YES;
				SWIFT_UPCOMING_FEATURE_MEMBER_IMPORT_VISIBILITY = YES;
				SWIFT_VERSION = 5.0;
				TARGETED_DEVICE_FAMILY = "1,2";
			};
			name = Release;
		};
		11C65C472FD2D92F00C10D0D /* Debug */ = {
			isa = XCBuildConfiguration;
			buildSettings = {
				ALWAYS_SEARCH_USER_PATHS = NO;
				ASSETCATALOG_COMPILER_GENERATE_SWIFT_ASSET_SYMBOL_EXTENSIONS = YES;
				CLANG_ANALYZER_NONNULL = YES;
				CLANG_ANALYZER_NUMBER_OBJECT_CONVERSION = YES_AGGRESSIVE;
				CLANG_CXX_LANGUAGE_STANDARD = "gnu++20";
				CLANG_ENABLE_MODULES = YES;
				CLANG_ENABLE_OBJC_ARC = YES;
				CLANG_ENABLE_OBJC_WEAK = YES;
				CLANG_WARN_BLOCK_CAPTURE_AUTORELEASING = YES;
				CLANG_WARN_BOOL_CONVERSION = YES;
				CLANG_WARN_COMMA = YES;
				CLANG_WARN_CONSTANT_CONVERSION = YES;
				CLANG_WARN_DEPRECATED_OBJC_IMPLEMENTATIONS = YES;
				CLANG_WARN_DIRECT_OBJC_ISA_USAGE = YES_ERROR;
				CLANG_WARN_DOCUMENTATION_COMMENTS = YES;
				CLANG_WARN_EMPTY_BODY = YES;
				CLANG_WARN_ENUM_CONVERSION = YES;
				CLANG_WARN_INFINITE_RECURSION = YES;
				CLANG_WARN_INT_CONVERSION = YES;
				CLANG_WARN_NON_LITERAL_NULL_CONVERSION = YES;
				CLANG_WARN_OBJC_IMPLICIT_RETAIN_SELF = YES;
				CLANG_WARN_OBJC_LITERAL_CONVERSION = YES;
				CLANG_WARN_OBJC_ROOT_CLASS = YES_ERROR;
				CLANG_WARN_QUOTED_INCLUDE_IN_FRAMEWORK_HEADER = YES;
				CLANG_WARN_RANGE_LOOP_ANALYSIS = YES;
				CLANG_WARN_STRICT_PROTOTYPES = YES;
				CLANG_WARN_SUSPICIOUS_MOVE = YES;
				CLANG_WARN_UNGUARDED_AVAILABILITY = YES_AGGRESSIVE;
				CLANG_WARN_UNREACHABLE_CODE = YES;
				CLANG_WARN__DUPLICATE_METHOD_MATCH = YES;
				COPY_PHASE_STRIP = NO;
				DEBUG_INFORMATION_FORMAT = dwarf;
				ENABLE_STRICT_OBJC_MSGSEND = YES;
				ENABLE_TESTABILITY = YES;
				ENABLE_USER_SCRIPT_SANDBOXING = NO;
				GCC_C_LANGUAGE_STANDARD = gnu17;
				GCC_DYNAMIC_NO_PIC = NO;
				GCC_NO_COMMON_BLOCKS = YES;
				GCC_OPTIMIZATION_LEVEL = 0;
				GCC_PREPROCESSOR_DEFINITIONS = (
					"DEBUG=1",
					"$(inherited)",
				);
				GCC_WARN_64_TO_32_BIT_CONVERSION = YES;
				GCC_WARN_ABOUT_RETURN_TYPE = YES_ERROR;
				GCC_WARN_UNDECLARED_SELECTOR = YES;
				GCC_WARN_UNINITIALIZED_AUTOS = YES_AGGRESSIVE;
				GCC_WARN_UNUSED_FUNCTION = YES;
				GCC_WARN_UNUSED_VARIABLE = YES;
				IPHONEOS_DEPLOYMENT_TARGET = 26.5;
				LOCALIZATION_PREFERS_STRING_CATALOGS = YES;
				MTL_ENABLE_DEBUG_INFO = INCLUDE_SOURCE;
				MTL_FAST_MATH = YES;
				ONLY_ACTIVE_ARCH = YES;
				SDKROOT = iphoneos;
				SWIFT_ACTIVE_COMPILATION_CONDITIONS = "DEBUG $(inherited)";
				SWIFT_OPTIMIZATION_LEVEL = "-Onone";
			};
			name = Debug;
		};
		11C65C482FD2D92F00C10D0D /* Release */ = {
			isa = XCBuildConfiguration;
			buildSettings = {
				ALWAYS_SEARCH_USER_PATHS = NO;
				ASSETCATALOG_COMPILER_GENERATE_SWIFT_ASSET_SYMBOL_EXTENSIONS = YES;
				CLANG_ANALYZER_NONNULL = YES;
				CLANG_ANALYZER_NUMBER_OBJECT_CONVERSION = YES_AGGRESSIVE;
				CLANG_CXX_LANGUAGE_STANDARD = "gnu++20";
				CLANG_ENABLE_MODULES = YES;
				CLANG_ENABLE_OBJC_ARC = YES;
				CLANG_ENABLE_OBJC_WEAK = YES;
				CLANG_WARN_BLOCK_CAPTURE_AUTORELEASING = YES;
				CLANG_WARN_BOOL_CONVERSION = YES;
				CLANG_WARN_COMMA = YES;
				CLANG_WARN_CONSTANT_CONVERSION = YES;
				CLANG_WARN_DEPRECATED_OBJC_IMPLEMENTATIONS = YES;
				CLANG_WARN_DIRECT_OBJC_ISA_USAGE = YES_ERROR;
				CLANG_WARN_DOCUMENTATION_COMMENTS = YES;
				CLANG_WARN_EMPTY_BODY = YES;
				CLANG_WARN_ENUM_CONVERSION = YES;
				CLANG_WARN_INFINITE_RECURSION = YES;
				CLANG_WARN_INT_CONVERSION = YES;
				CLANG_WARN_NON_LITERAL_NULL_CONVERSION = YES;
				CLANG_WARN_OBJC_IMPLICIT_RETAIN_SELF = YES;
				CLANG_WARN_OBJC_LITERAL_CONVERSION = YES;
				CLANG_WARN_OBJC_ROOT_CLASS = YES_ERROR;
				CLANG_WARN_QUOTED_INCLUDE_IN_FRAMEWORK_HEADER = YES;
				CLANG_WARN_RANGE_LOOP_ANALYSIS = YES;
				CLANG_WARN_STRICT_PROTOTYPES = YES;
				CLANG_WARN_SUSPICIOUS_MOVE = YES;
				CLANG_WARN_UNGUARDED_AVAILABILITY = YES_AGGRESSIVE;
				CLANG_WARN_UNREACHABLE_CODE = YES;
				CLANG_WARN__DUPLICATE_METHOD_MATCH = YES;
				COPY_PHASE_STRIP = NO;
				DEBUG_INFORMATION_FORMAT = "dwarf-with-dsym";
				ENABLE_NS_ASSERTIONS = NO;
				ENABLE_STRICT_OBJC_MSGSEND = YES;
				ENABLE_USER_SCRIPT_SANDBOXING = NO;
				GCC_C_LANGUAGE_STANDARD = gnu17;
				GCC_NO_COMMON_BLOCKS = YES;
				GCC_WARN_64_TO_32_BIT_CONVERSION = YES;
				GCC_WARN_ABOUT_RETURN_TYPE = YES_ERROR;
				GCC_WARN_UNDECLARED_SELECTOR = YES;
				GCC_WARN_UNINITIALIZED_AUTOS = YES_AGGRESSIVE;
				GCC_WARN_UNUSED_FUNCTION = YES;
				GCC_WARN_UNUSED_VARIABLE = YES;
				IPHONEOS_DEPLOYMENT_TARGET = 26.5;
				LOCALIZATION_PREFERS_STRING_CATALOGS = YES;
				MTL_ENABLE_DEBUG_INFO = NO;
				MTL_FAST_MATH = YES;
				SDKROOT = iphoneos;
				SWIFT_COMPILATION_MODE = wholemodule;
				VALIDATE_PRODUCT = YES;
			};
			name = Release;
		};
		11C65C4A2FD2D92F00C10D0D /* Debug */ = {
			isa = XCBuildConfiguration;
			baseConfigurationReference = 41D78884ED42FB8EF2A9DC62 /* Pods-DriverAppTests.debug.xcconfig */;
			buildSettings = {
				BUNDLE_LOADER = "$(TEST_HOST)";
				CODE_SIGN_STYLE = Automatic;
				CURRENT_PROJECT_VERSION = 1;
				GENERATE_INFOPLIST_FILE = YES;
				IPHONEOS_DEPLOYMENT_TARGET = 26.5;
				MARKETING_VERSION = 1.0;
				PRODUCT_BUNDLE_IDENTIFIER = com.razorpay.demo.DriverAppTests;
				PRODUCT_NAME = "$(TARGET_NAME)";
				STRING_CATALOG_GENERATE_SYMBOLS = NO;
				SWIFT_APPROACHABLE_CONCURRENCY = YES;
				SWIFT_EMIT_LOC_STRINGS = NO;
				SWIFT_UPCOMING_FEATURE_MEMBER_IMPORT_VISIBILITY = YES;
				SWIFT_VERSION = 5.0;
				TARGETED_DEVICE_FAMILY = "1,2";
				TEST_HOST = "$(BUILT_PRODUCTS_DIR)/DriverApp.app/$(BUNDLE_EXECUTABLE_FOLDER_PATH)/DriverApp";
			};
			name = Debug;
		};
		11C65C4B2FD2D92F00C10D0D /* Release */ = {
			isa = XCBuildConfiguration;
			baseConfigurationReference = 47BDFBAE71C6161AEE41AE31 /* Pods-DriverAppTests.release.xcconfig */;
			buildSettings = {
				BUNDLE_LOADER = "$(TEST_HOST)";
				CODE_SIGN_STYLE = Automatic;
				CURRENT_PROJECT_VERSION = 1;
				GENERATE_INFOPLIST_FILE = YES;
				IPHONEOS_DEPLOYMENT_TARGET = 26.5;
				MARKETING_VERSION = 1.0;
				PRODUCT_BUNDLE_IDENTIFIER = com.razorpay.demo.DriverAppTests;
				PRODUCT_NAME = "$(TARGET_NAME)";
				STRING_CATALOG_GENERATE_SYMBOLS = NO;
				SWIFT_APPROACHABLE_CONCURRENCY = YES;
				SWIFT_EMIT_LOC_STRINGS = NO;
				SWIFT_UPCOMING_FEATURE_MEMBER_IMPORT_VISIBILITY = YES;
				SWIFT_VERSION = 5.0;
				TARGETED_DEVICE_FAMILY = "1,2";
				TEST_HOST = "$(BUILT_PRODUCTS_DIR)/DriverApp.app/$(BUNDLE_EXECUTABLE_FOLDER_PATH)/DriverApp";
			};
			name = Release;
		};
		11C65C4D2FD2D92F00C10D0D /* Debug */ = {
			isa = XCBuildConfiguration;
			baseConfigurationReference = 28FC6FB00787474376F40AE2 /* Pods-DriverApp-DriverAppUITests.debug.xcconfig */;
			buildSettings = {
				CODE_SIGN_STYLE = Automatic;
				CURRENT_PROJECT_VERSION = 1;
				GENERATE_INFOPLIST_FILE = YES;
				MARKETING_VERSION = 1.0;
				PRODUCT_BUNDLE_IDENTIFIER = com.razorpay.demo.DriverAppUITests;
				PRODUCT_NAME = "$(TARGET_NAME)";
				STRING_CATALOG_GENERATE_SYMBOLS = NO;
				SWIFT_APPROACHABLE_CONCURRENCY = YES;
				SWIFT_EMIT_LOC_STRINGS = NO;
				SWIFT_UPCOMING_FEATURE_MEMBER_IMPORT_VISIBILITY = YES;
				SWIFT_VERSION = 5.0;
				TARGETED_DEVICE_FAMILY = "1,2";
				TEST_TARGET_NAME = DriverApp;
			};
			name = Debug;
		};
		11C65C4E2FD2D92F00C10D0D /* Release */ = {
			isa = XCBuildConfiguration;
			baseConfigurationReference = 24B9A33F67ED91DD968175BE /* Pods-DriverApp-DriverAppUITests.release.xcconfig */;
			buildSettings = {
				CODE_SIGN_STYLE = Automatic;
				CURRENT_PROJECT_VERSION = 1;
				GENERATE_INFOPLIST_FILE = YES;
				MARKETING_VERSION = 1.0;
				PRODUCT_BUNDLE_IDENTIFIER = com.razorpay.demo.DriverAppUITests;
				PRODUCT_NAME = "$(TARGET_NAME)";
				STRING_CATALOG_GENERATE_SYMBOLS = NO;
				SWIFT_APPROACHABLE_CONCURRENCY = YES;
				SWIFT_EMIT_LOC_STRINGS = NO;
				SWIFT_UPCOMING_FEATURE_MEMBER_IMPORT_VISIBILITY = YES;
				SWIFT_VERSION = 5.0;
				TARGETED_DEVICE_FAMILY = "1,2";
				TEST_TARGET_NAME = DriverApp;
			};
			name = Release;
		};
/* End XCBuildConfiguration section */

/* Begin XCConfigurationList section */
		11C65C162FD2D92C00C10D0D /* Build configuration list for PBXProject "DriverApp" */ = {
			isa = XCConfigurationList;
			buildConfigurations = (
				11C65C472FD2D92F00C10D0D /* Debug */,
				11C65C482FD2D92F00C10D0D /* Release */,
			);
			defaultConfigurationIsVisible = 0;
			defaultConfigurationName = Release;
		};
		11C65C442FD2D92F00C10D0D /* Build configuration list for PBXNativeTarget "DriverApp" */ = {
			isa = XCConfigurationList;
			buildConfigurations = (
				11C65C452FD2D92F00C10D0D /* Debug */,
				11C65C462FD2D92F00C10D0D /* Release */,
			);
			defaultConfigurationIsVisible = 0;
			defaultConfigurationName = Release;
		};
		11C65C492FD2D92F00C10D0D /* Build configuration list for PBXNativeTarget "DriverAppTests" */ = {
			isa = XCConfigurationList;
			buildConfigurations = (
				11C65C4A2FD2D92F00C10D0D /* Debug */,
				11C65C4B2FD2D92F00C10D0D /* Release */,
			);
			defaultConfigurationIsVisible = 0;
			defaultConfigurationName = Release;
		};
		11C65C4C2FD2D92F00C10D0D /* Build configuration list for PBXNativeTarget "DriverAppUITests" */ = {
			isa = XCConfigurationList;
			buildConfigurations = (
				11C65C4D2FD2D92F00C10D0D /* Debug */,
				11C65C4E2FD2D92F00C10D0D /* Release */,
			);
			defaultConfigurationIsVisible = 0;
			defaultConfigurationName = Release;
		};
/* End XCConfigurationList section */
	};
	rootObject = 11C65C132FD2D92C00C10D0D /* Project object */;
}
